// !$*UTF8*$!
{
	archiveVersion = 1;
	classes = {
	};
	objectVersion = 46;
	objects = {

/* Begin PBXBuildFile section */
		1A4B99531E3FA6C300B9A4C3 /* main.m in Sources */ = {isa = PBXBuildFile; fileRef = 1A4B99521E3FA6C300B9A4C3 /* main.m */; };
		1A4B99561E3FA6C300B9A4C3 /* AppDelegate.m in Sources */ = {isa = PBXBuildFile; fileRef = 1A4B99551E3FA6C300B9A4C3 /* AppDelegate.m */; };
		1A4B995E1E3FA6C300B9A4C3 /* Assets.xcassets in Resources */ = {isa = PBXBuildFile; fileRef = 1A4B995D1E3FA6C300B9A4C3 /* Assets.xcassets */; };
		1A4B99611E3FA6C300B9A4C3 /* LaunchScreen.storyboard in Resources */ = {isa = PBXBuildFile; fileRef = 1A4B995F1E3FA6C300B9A4C3 /* LaunchScreen.storyboard */; };
		1A4B996B1E3FAAB900B9A4C3 /* LoginViewController.m in Sources */ = {isa = PBXBuildFile; fileRef = 1A4B99691E3FAAB900B9A4C3 /* LoginViewController.m */; };
		1A4B996C1E3FAAB900B9A4C3 /* LoginViewController.xib in Resources */ = {isa = PBXBuildFile; fileRef = 1A4B996A1E3FAAB900B9A4C3 /* LoginViewController.xib */; };
		1A4B996F1E3FAC8800B9A4C3 /* TwitterClient.m in Sources */ = {isa = PBXBuildFile; fileRef = 1A4B996E1E3FAC8800B9A4C3 /* TwitterClient.m */; };
		1ADEBCC21E404AA1009FDAC4 /* Tweet.m in Sources */ = {isa = PBXBuildFile; fileRef = 1ADEBCC11E404AA1009FDAC4 /* Tweet.m */; };
		1ADEBCC51E404AB4009FDAC4 /* User.m in Sources */ = {isa = PBXBuildFile; fileRef = 1ADEBCC41E404AB4009FDAC4 /* User.m */; };
		4E3EBC23EFF2E8BFD286928A /* libPods-Twitter.a in Frameworks */ = {isa = PBXBuildFile; fileRef = 1606F42F6BB601D8B52BDCE6 /* libPods-Twitter.a */; };
/* End PBXBuildFile section */

/* Begin PBXFileReference section */
		1606F42F6BB601D8B52BDCE6 /* libPods-Twitter.a */ = {isa = PBXFileReference; explicitFileType = archive.ar; includeInIndex = 0; path = "libPods-Twitter.a"; sourceTree = BUILT_PRODUCTS_DIR; };
		1A4B994E1E3FA6C300B9A4C3 /* Twitter.app */ = {isa = PBXFileReference; explicitFileType = wrapper.application; includeInIndex = 0; path = Twitter.app; sourceTree = BUILT_PRODUCTS_DIR; };
		1A4B99521E3FA6C300B9A4C3 /* main.m */ = {isa = PBXFileReference; lastKnownFileType = sourcecode.c.objc; path = main.m; sourceTree = "<group>"; };
		1A4B99541E3FA6C300B9A4C3 /* AppDelegate.h */ = {isa = PBXFileReference; lastKnownFileType = sourcecode.c.h; path = AppDelegate.h; sourceTree = "<group>"; };
		1A4B99551E3FA6C300B9A4C3 /* AppDelegate.m */ = {isa = PBXFileReference; lastKnownFileType = sourcecode.c.objc; path = AppDelegate.m; sourceTree = "<group>"; };
		1A4B995D1E3FA6C300B9A4C3 /* Assets.xcassets */ = {isa = PBXFileReference; lastKnownFileType = folder.assetcatalog; path = Assets.xcassets; sourceTree = "<group>"; };
		1A4B99601E3FA6C300B9A4C3 /* Base */ = {isa = PBXFileReference; lastKnownFileType = file.storyboard; name = Base; path = Base.lproj/LaunchScreen.storyboard; sourceTree = "<group>"; };
		1A4B99621E3FA6C300B9A4C3 /* Info.plist */ = {isa = PBXFileReference; lastKnownFileType = text.plist.xml; path = Info.plist; sourceTree = "<group>"; };
		1A4B99681E3FAAB900B9A4C3 /* LoginViewController.h */ = {isa = PBXFileReference; fileEncoding = 4; lastKnownFileType = sourcecode.c.h; path = LoginViewController.h; sourceTree = "<group>"; };
		1A4B99691E3FAAB900B9A4C3 /* LoginViewController.m */ = {isa = PBXFileReference; fileEncoding = 4; lastKnownFileType = sourcecode.c.objc; path = LoginViewController.m; sourceTree = "<group>"; };
		1A4B996A1E3FAAB900B9A4C3 /* LoginViewController.xib */ = {isa = PBXFileReference; fileEncoding = 4; lastKnownFileType = file.xib; path = LoginViewController.xib; sourceTree = "<group>"; };
		1A4B996D1E3FAC8800B9A4C3 /* TwitterClient.h */ = {isa = PBXFileReference; fileEncoding = 4; lastKnownFileType = sourcecode.c.h; path = TwitterClient.h; sourceTree = "<group>"; };
		1A4B996E1E3FAC8800B9A4C3 /* TwitterClient.m */ = {isa = PBXFileReference; fileEncoding = 4; lastKnownFileType = sourcecode.c.objc; path = TwitterClient.m; sourceTree = "<group>"; };
		1A646A141E411BE300BC42BE /* Twitter.entitlements */ = {isa = PBXFileReference; lastKnownFileType = text.plist.entitlements; path = Twitter.entitlements; sourceTree = "<group>"; };
		1ADEBCC01E404AA1009FDAC4 /* Tweet.h */ = {isa = PBXFileReference; fileEncoding = 4; lastKnownFileType = sourcecode.c.h; name = Tweet.h; path = Models/Tweet.h; sourceTree = "<group>"; };
		1ADEBCC11E404AA1009FDAC4 /* Tweet.m */ = {isa = PBXFileReference; fileEncoding = 4; lastKnownFileType = sourcecode.c.objc; name = Tweet.m; path = Models/Tweet.m; sourceTree = "<group>"; };
		1ADEBCC31E404AB4009FDAC4 /* User.h */ = {isa = PBXFileReference; fileEncoding = 4; lastKnownFileType = sourcecode.c.h; name = User.h; path = Models/User.h; sourceTree = "<group>"; };
		1ADEBCC41E404AB4009FDAC4 /* User.m */ = {isa = PBXFileReference; fileEncoding = 4; lastKnownFileType = sourcecode.c.objc; name = User.m; path = Models/User.m; sourceTree = "<group>"; };
		9D812761CDF70CE7E0BFFCDD /* Pods-Twitter.debug.xcconfig */ = {isa = PBXFileReference; includeInIndex = 1; lastKnownFileType = text.xcconfig; name = "Pods-Twitter.debug.xcconfig"; path = "Pods/Target Support Files/Pods-Twitter/Pods-Twitter.debug.xcconfig"; sourceTree = "<group>"; };
		E29505CA4CEA8CAFD7DE0573 /* Pods-Twitter.release.xcconfig */ = {isa = PBXFileReference; includeInIndex = 1; lastKnownFileType = text.xcconfig; name = "Pods-Twitter.release.xcconfig"; path = "Pods/Target Support Files/Pods-Twitter/Pods-Twitter.release.xcconfig"; sourceTree = "<group>"; };
/* End PBXFileReference section */

/* Begin PBXFrameworksBuildPhase section */
		1A4B994B1E3FA6C300B9A4C3 /* Frameworks */ = {
			isa = PBXFrameworksBuildPhase;
			buildActionMask = 2147483647;
			files = (
				4E3EBC23EFF2E8BFD286928A /* libPods-Twitter.a in Frameworks */,
			);
			runOnlyForDeploymentPostprocessing = 0;
		};
/* End PBXFrameworksBuildPhase section */

/* Begin PBXGroup section */
		1A4B99451E3FA6C300B9A4C3 = {
			isa = PBXGroup;
			children = (
				1A4B99501E3FA6C300B9A4C3 /* Twitter */,
				1A4B994F1E3FA6C300B9A4C3 /* Products */,
				8EAC8211E2B6899ACF8FCC8A /* Pods */,
				59DCF363079FC8E7BCA13ECD /* Frameworks */,
			);
			sourceTree = "<group>";
		};
		1A4B994F1E3FA6C300B9A4C3 /* Products */ = {
			isa = PBXGroup;
			children = (
				1A4B994E1E3FA6C300B9A4C3 /* Twitter.app */,
			);
			name = Products;
			sourceTree = "<group>";
		};
		1A4B99501E3FA6C300B9A4C3 /* Twitter */ = {
			isa = PBXGroup;
			children = (
				1A646A141E411BE300BC42BE /* Twitter.entitlements */,
				1A4B999D1E40426200B9A4C3 /* Models */,
				1A4B99541E3FA6C300B9A4C3 /* AppDelegate.h */,
				1A4B99551E3FA6C300B9A4C3 /* AppDelegate.m */,
				1A4B996D1E3FAC8800B9A4C3 /* TwitterClient.h */,
				1A4B996E1E3FAC8800B9A4C3 /* TwitterClient.m */,
				1A4B99681E3FAAB900B9A4C3 /* LoginViewController.h */,
				1A4B99691E3FAAB900B9A4C3 /* LoginViewController.m */,
				1A4B996A1E3FAAB900B9A4C3 /* LoginViewController.xib */,
				1A4B995D1E3FA6C300B9A4C3 /* Assets.xcassets */,
				1A4B995F1E3FA6C300B9A4C3 /* LaunchScreen.storyboard */,
				1A4B99621E3FA6C300B9A4C3 /* Info.plist */,
				1A4B99511E3FA6C300B9A4C3 /* Supporting Files */,
			);
			path = Twitter;
			sourceTree = "<group>";
		};
		1A4B99511E3FA6C300B9A4C3 /* Supporting Files */ = {
			isa = PBXGroup;
			children = (
				1A4B99521E3FA6C300B9A4C3 /* main.m */,
			);
			name = "Supporting Files";
			sourceTree = "<group>";
		};
		1A4B999D1E40426200B9A4C3 /* Models */ = {
			isa = PBXGroup;
			children = (
				1ADEBCC01E404AA1009FDAC4 /* Tweet.h */,
				1ADEBCC11E404AA1009FDAC4 /* Tweet.m */,
				1ADEBCC31E404AB4009FDAC4 /* User.h */,
				1ADEBCC41E404AB4009FDAC4 /* User.m */,
			);
			name = Models;
			sourceTree = "<group>";
		};
		59DCF363079FC8E7BCA13ECD /* Frameworks */ = {
			isa = PBXGroup;
			children = (
				1606F42F6BB601D8B52BDCE6 /* libPods-Twitter.a */,
			);
			name = Frameworks;
			sourceTree = "<group>";
		};
		8EAC8211E2B6899ACF8FCC8A /* Pods */ = {
			isa = PBXGroup;
			children = (
				9D812761CDF70CE7E0BFFCDD /* Pods-Twitter.debug.xcconfig */,
				E29505CA4CEA8CAFD7DE0573 /* Pods-Twitter.release.xcconfig */,
			);
			name = Pods;
			sourceTree = "<group>";
		};
/* End PBXGroup section */

/* Begin PBXNativeTarget section */
		1A4B994D1E3FA6C300B9A4C3 /* Twitter */ = {
			isa = PBXNativeTarget;
			buildConfigurationList = 1A4B99651E3FA6C300B9A4C3 /* Build configuration list for PBXNativeTarget "Twitter" */;
			buildPhases = (
				C18670067656B59D1B62EE06 /* [CP] Check Pods Manifest.lock */,
				1A4B994A1E3FA6C300B9A4C3 /* Sources */,
				1A4B994B1E3FA6C300B9A4C3 /* Frameworks */,
				1A4B994C1E3FA6C300B9A4C3 /* Resources */,
				81267D46DD7299487A34EFCA /* [CP] Embed Pods Frameworks */,
				E1399FDA4B3D06AAB1A143DE /* [CP] Copy Pods Resources */,
			);
			buildRules = (
			);
			dependencies = (
			);
			name = Twitter;
			productName = Twitter;
			productReference = 1A4B994E1E3FA6C300B9A4C3 /* Twitter.app */;
			productType = "com.apple.product-type.application";
		};
/* End PBXNativeTarget section */

/* Begin PBXProject section */
		1A4B99461E3FA6C300B9A4C3 /* Project object */ = {
			isa = PBXProject;
			attributes = {
				LastUpgradeCheck = 0800;
				ORGANIZATIONNAME = JenniferBeck;
				TargetAttributes = {
					1A4B994D1E3FA6C300B9A4C3 = {
						CreatedOnToolsVersion = 8.0;
						DevelopmentTeam = 7YXRAZD33D;
						ProvisioningStyle = Automatic;
						SystemCapabilities = {
							com.apple.Keychain = {
								enabled = 1;
							};
						};
					};
				};
			};
			buildConfigurationList = 1A4B99491E3FA6C300B9A4C3 /* Build configuration list for PBXProject "Twitter" */;
			compatibilityVersion = "Xcode 3.2";
			developmentRegion = English;
			hasScannedForEncodings = 0;
			knownRegions = (
				en,
				Base,
			);
			mainGroup = 1A4B99451E3FA6C300B9A4C3;
			productRefGroup = 1A4B994F1E3FA6C300B9A4C3 /* Products */;
			projectDirPath = "";
			projectRoot = "";
			targets = (
				1A4B994D1E3FA6C300B9A4C3 /* Twitter */,
			);
		};
/* End PBXProject section */

/* Begin PBXResourcesBuildPhase section */
		1A4B994C1E3FA6C300B9A4C3 /* Resources */ = {
			isa = PBXResourcesBuildPhase;
			buildActionMask = 2147483647;
			files = (
				1A4B99611E3FA6C300B9A4C3 /* LaunchScreen.storyboard in Resources */,
				1A4B995E1E3FA6C300B9A4C3 /* Assets.xcassets in Resources */,
				1A4B996C1E3FAAB900B9A4C3 /* LoginViewController.xib in Resources */,
			);
			runOnlyForDeploymentPostprocessing = 0;
		};
/* End PBXResourcesBuildPhase section */

/* Begin PBXShellScriptBuildPhase section */
		81267D46DD7299487A34EFCA /* [CP] Embed Pods Frameworks */ = {
			isa = PBXShellScriptBuildPhase;
			buildActionMask = 2147483647;
			files = (
			);
			inputPaths = (
			);
			name = "[CP] Embed Pods Frameworks";
			outputPaths = (
			);
			runOnlyForDeploymentPostprocessing = 0;
			shellPath = /bin/sh;
			shellScript = "\"${SRCROOT}/Pods/Target Support Files/Pods-Twitter/Pods-Twitter-frameworks.sh\"\n";
			showEnvVarsInLog = 0;
		};
		C18670067656B59D1B62EE06 /* [CP] Check Pods Manifest.lock */ = {
			isa = PBXShellScriptBuildPhase;
			buildActionMask = 2147483647;
			files = (
			);
			inputPaths = (
			);
			name = "[CP] Check Pods Manifest.lock";
			outputPaths = (
			);
			runOnlyForDeploymentPostprocessing = 0;
			shellPath = /bin/sh;
			shellScript = "diff \"${PODS_ROOT}/../Podfile.lock\" \"${PODS_ROOT}/Manifest.lock\" > /dev/null\nif [ $? != 0 ] ; then\n    # print error to STDERR\n    echo \"error: The sandbox is not in sync with the Podfile.lock. Run 'pod install' or update your CocoaPods installation.\" >&2\n    exit 1\nfi\n";
			showEnvVarsInLog = 0;
		};
		E1399FDA4B3D06AAB1A143DE /* [CP] Copy Pods Resources */ = {
			isa = PBXShellScriptBuildPhase;
			buildActionMask = 2147483647;
			files = (
			);
			inputPaths = (
			);
			name = "[CP] Copy Pods Resources";
			outputPaths = (
			);
			runOnlyForDeploymentPostprocessing = 0;
			shellPath = /bin/sh;
			shellScript = "\"${SRCROOT}/Pods/Target Support Files/Pods-Twitter/Pods-Twitter-resources.sh\"\n";
			showEnvVarsInLog = 0;
		};
/* End PBXShellScriptBuildPhase section */

/* Begin PBXSourcesBuildPhase section */
		1A4B994A1E3FA6C300B9A4C3 /* Sources */ = {
			isa = PBXSourcesBuildPhase;
			buildActionMask = 2147483647;
			files = (
				1A4B996F1E3FAC8800B9A4C3 /* TwitterClient.m in Sources */,
				1A4B99561E3FA6C300B9A4C3 /* AppDelegate.m in Sources */,
				1ADEBCC51E404AB4009FDAC4 /* User.m in Sources */,
				1ADEBCC21E404AA1009FDAC4 /* Tweet.m in Sources */,
				1A4B99531E3FA6C300B9A4C3 /* main.m in Sources */,
				1A4B996B1E3FAAB900B9A4C3 /* LoginViewController.m in Sources */,
			);
			runOnlyForDeploymentPostprocessing = 0;
		};
/* End PBXSourcesBuildPhase section */

/* Begin PBXVariantGroup section */
		1A4B995F1E3FA6C300B9A4C3 /* LaunchScreen.storyboard */ = {
			isa = PBXVariantGroup;
			children = (
				1A4B99601E3FA6C300B9A4C3 /* Base */,
			);
			name = LaunchScreen.storyboard;
			sourceTree = "<group>";
		};
/* End PBXVariantGroup section */

/* Begin XCBuildConfiguration section */
		1A4B99631E3FA6C300B9A4C3 /* Debug */ = {
			isa = XCBuildConfiguration;
			buildSettings = {
				ALWAYS_SEARCH_USER_PATHS = NO;
				CLANG_ANALYZER_NONNULL = YES;
				CLANG_CXX_LANGUAGE_STANDARD = "gnu++0x";
				CLANG_CXX_LIBRARY = "libc++";
				CLANG_ENABLE_MODULES = YES;
				CLANG_ENABLE_OBJC_ARC = YES;
				CLANG_WARN_BOOL_CONVERSION = YES;
				CLANG_WARN_CONSTANT_CONVERSION = YES;
				CLANG_WARN_DIRECT_OBJC_ISA_USAGE = YES_ERROR;
				CLANG_WARN_DOCUMENTATION_COMMENTS = YES;
				CLANG_WARN_EMPTY_BODY = YES;
				CLANG_WARN_ENUM_CONVERSION = YES;
				CLANG_WARN_INFINITE_RECURSION = YES;
				CLANG_WARN_INT_CONVERSION = YES;
				CLANG_WARN_OBJC_ROOT_CLASS = YES_ERROR;
				CLANG_WARN_SUSPICIOUS_MOVES = YES;
				CLANG_WARN_UNREACHABLE_CODE = YES;
				CLANG_WARN__DUPLICATE_METHOD_MATCH = YES;
				"CODE_SIGN_IDENTITY[sdk=iphoneos*]" = "iPhone Developer";
				COPY_PHASE_STRIP = NO;
				DEBUG_INFORMATION_FORMAT = dwarf;
				ENABLE_STRICT_OBJC_MSGSEND = YES;
				ENABLE_TESTABILITY = YES;
				GCC_C_LANGUAGE_STANDARD = gnu99;
				GCC_DYNAMIC_NO_PIC = NO;
				GCC_NO_COMMON_BLOCKS = YES;
				GCC_OPTIMIZATION_LEVEL = 0;
				GCC_PREPROCESSOR_DEFINITIONS = (
					"DEBUG=1",
					"$(inherited)",
				);
				GCC_WARN_64_TO_32_BIT_CONVERSION = YES;
				GCC_WARN_ABOUT_RETURN_TYPE = YES_ERROR;
				GCC_WARN_UNDECLARED_SELECTOR = YES;
				GCC_WARN_UNINITIALIZED_AUTOS = YES_AGGRESSIVE;
				GCC_WARN_UNUSED_FUNCTION = YES;
				GCC_WARN_UNUSED_VARIABLE = YES;
				IPHONEOS_DEPLOYMENT_TARGET = 10.0;
				MTL_ENABLE_DEBUG_INFO = YES;
				ONLY_ACTIVE_ARCH = YES;
				SDKROOT = iphoneos;
			};
			name = Debug;
		};
		1A4B99641E3FA6C300B9A4C3 /* Release */ = {
			isa = XCBuildConfiguration;
			buildSettings = {
				ALWAYS_SEARCH_USER_PATHS = NO;
				CLANG_ANALYZER_NONNULL = YES;
				CLANG_CXX_LANGUAGE_STANDARD = "gnu++0x";
				CLANG_CXX_LIBRARY = "libc++";
				CLANG_ENABLE_MODULES = YES;
				CLANG_ENABLE_OBJC_ARC = YES;
				CLANG_WARN_BOOL_CONVERSION = YES;
				CLANG_WARN_CONSTANT_CONVERSION = YES;
				CLANG_WARN_DIRECT_OBJC_ISA_USAGE = YES_ERROR;
				CLANG_WARN_DOCUMENTATION_COMMENTS = YES;
				CLANG_WARN_EMPTY_BODY = YES;
				CLANG_WARN_ENUM_CONVERSION = YES;
				CLANG_WARN_INFINITE_RECURSION = YES;
				CLANG_WARN_INT_CONVERSION = YES;
				CLANG_WARN_OBJC_ROOT_CLASS = YES_ERROR;
				CLANG_WARN_SUSPICIOUS_MOVES = YES;
				CLANG_WARN_UNREACHABLE_CODE = YES;
				CLANG_WARN__DUPLICATE_METHOD_MATCH = YES;
				"CODE_SIGN_IDENTITY[sdk=iphoneos*]" = "iPhone Developer";
				COPY_PHASE_STRIP = NO;
				DEBUG_INFORMATION_FORMAT = "dwarf-with-dsym";
				ENABLE_NS_ASSERTIONS = NO;
				ENABLE_STRICT_OBJC_MSGSEND = YES;
				GCC_C_LANGUAGE_STANDARD = gnu99;
				GCC_NO_COMMON_BLOCKS = YES;
				GCC_WARN_64_TO_32_BIT_CONVERSION = YES;
				GCC_WARN_ABOUT_RETURN_TYPE = YES_ERROR;
				GCC_WARN_UNDECLARED_SELECTOR = YES;
				GCC_WARN_UNINITIALIZED_AUTOS = YES_AGGRESSIVE;
				GCC_WARN_UNUSED_FUNCTION = YES;
				GCC_WARN_UNUSED_VARIABLE = YES;
				IPHONEOS_DEPLOYMENT_TARGET = 10.0;
				MTL_ENABLE_DEBUG_INFO = NO;
				SDKROOT = iphoneos;
				VALIDATE_PRODUCT = YES;
			};
			name = Release;
		};
		1A4B99661E3FA6C300B9A4C3 /* Debug */ = {
			isa = XCBuildConfiguration;
			baseConfigurationReference = 9D812761CDF70CE7E0BFFCDD /* Pods-Twitter.debug.xcconfig */;
			buildSettings = {
				ASSETCATALOG_COMPILER_APPICON_NAME = AppIcon;
				CODE_SIGN_ENTITLEMENTS = Twitter/Twitter.entitlements;
				DEVELOPMENT_TEAM = 7YXRAZD33D;
				INFOPLIST_FILE = Twitter/Info.plist;
				LD_RUNPATH_SEARCH_PATHS = "$(inherited) @executable_path/Frameworks";
				PRODUCT_BUNDLE_IDENTIFIER = iosclass.Twitter;
				PRODUCT_NAME = "$(TARGET_NAME)";
			};
			name = Debug;
		};
		1A4B99671E3FA6C300B9A4C3 /* Release */ = {
			isa = XCBuildConfiguration;
			baseConfigurationReference = E29505CA4CEA8CAFD7DE0573 /* Pods-Twitter.release.xcconfig */;
			buildSettings = {
				ASSETCATALOG_COMPILER_APPICON_NAME = AppIcon;
				CODE_SIGN_ENTITLEMENTS = Twitter/Twitter.entitlements;
				DEVELOPMENT_TEAM = 7YXRAZD33D;
				INFOPLIST_FILE = Twitter/Info.plist;
				LD_RUNPATH_SEARCH_PATHS = "$(inherited) @executable_path/Frameworks";
				PRODUCT_BUNDLE_IDENTIFIER = iosclass.Twitter;
				PRODUCT_NAME = "$(TARGET_NAME)";
			};
			name = Release;
		};
/* End XCBuildConfiguration section */

/* Begin XCConfigurationList section */
		1A4B99491E3FA6C300B9A4C3 /* Build configuration list for PBXProject "Twitter" */ = {
			isa = XCConfigurationList;
			buildConfigurations = (
				1A4B99631E3FA6C300B9A4C3 /* Debug */,
				1A4B99641E3FA6C300B9A4C3 /* Release */,
			);
			defaultConfigurationIsVisible = 0;
			defaultConfigurationName = Release;
		};
		1A4B99651E3FA6C300B9A4C3 /* Build configuration list for PBXNativeTarget "Twitter" */ = {
			isa = XCConfigurationList;
			buildConfigurations = (
				1A4B99661E3FA6C300B9A4C3 /* Debug */,
				1A4B99671E3FA6C300B9A4C3 /* Release */,
			);
			defaultConfigurationIsVisible = 0;
			defaultConfigurationName = Release;
		};
/* End XCConfigurationList section */
	};
	rootObject = 1A4B99461E3FA6C300B9A4C3 /* Project object */;
}
